{
  "version": 4,
  "terraform_version": "1.4.5",
  "serial": 27,
  "lineage": "040c43a9-89fa-8b64-1db3-592311ba6dd3",
  "outputs": {},
  "resources": [
    {
      "mode": "managed",
      "type": "aws_dynamodb_table",
      "name": "movie_genre_table",
      "provider": "provider[\"registry.terraform.io/hashicorp/aws\"]",
      "instances": [
        {
          "schema_version": 1,
          "attributes": {
            "arn": "arn:aws:dynamodb:ap-southeast-1:932682266260:table/movielens_movie",
            "attribute": [
              {
                "name": "genre",
                "type": "S"
              },
              {
                "name": "movie_id",
                "type": "N"
              },
              {
                "name": "rank",
                "type": "N"
              }
            ],
            "billing_mode": "PROVISIONED",
            "deletion_protection_enabled": false,
            "global_secondary_index": [
              {
                "hash_key": "rank",
                "name": "rank_index",
                "non_key_attributes": [],
                "projection_type": "ALL",
                "range_key": "movie_id",
                "read_capacity": 5,
                "write_capacity": 10
              }
            ],
            "hash_key": "genre",
            "id": "movielens_movie",
            "local_secondary_index": [],
            "name": "movielens_movie",
            "point_in_time_recovery": [
              {
                "enabled": false
              }
            ],
            "range_key": "movie_id",
            "read_capacity": 5,
            "replica": [],
            "restore_date_time": null,
            "restore_source_name": null,
            "restore_to_latest_time": null,
            "server_side_encryption": [],
            "stream_arn": "",
            "stream_enabled": false,
            "stream_label": "",
            "stream_view_type": "",
            "table_class": "STANDARD",
            "tags": {},
            "tags_all": {},
            "timeouts": null,
            "ttl": [
              {
                "attribute_name": "",
                "enabled": false
              }
            ],
            "write_capacity": 10
          },
          "sensitive_attributes": [],
          "private": "eyJlMmJmYjczMC1lY2FhLTExZTYtOGY4OC0zNDM2M2JjN2M0YzAiOnsiY3JlYXRlIjoxODAwMDAwMDAwMDAwLCJkZWxldGUiOjYwMDAwMDAwMDAwMCwidXBkYXRlIjozNjAwMDAwMDAwMDAwfSwic2NoZW1hX3ZlcnNpb24iOiIxIn0="
        }
      ]
    }
  ],
  "check_results": null
}
